
Microsoft Visual Studio Solution File, Format Version 12.00
# Visual Studio 15
VisualStudioVersion = 15.0.28307.645
MinimumVisualStudioVersion = 10.0.40219.1
Project("{FAE04EC0-301F-11D3-BF4B-00C04F79EFBC}") = "AzureResourceGroup", "AzureResourceGroup\AzureResourceGroup.csproj", "{4AC75403-1B89-4518-93F9-40D1ED1B4A67}"
EndProject
Global
	GlobalSection(SolutionConfigurationPlatforms) = preSolution
		Debug|Any CPU = Debug|Any CPU
		Release|Any CPU = Release|Any CPU
	EndGlobalSection
	GlobalSection(ProjectConfigurationPlatforms) = postSolution
		{4AC75403-1B89-4518-93F9-40D1ED1B4A67}.Debug|Any CPU.ActiveCfg = Debug|Any CPU
		{4AC75403-1B89-4518-93F9-40D1ED1B4A67}.Debug|Any CPU.Build.0 = Debug|Any CPU
		{4AC75403-1B89-4518-93F9-40D1ED1B4A67}.Release|Any CPU.ActiveCfg = Release|Any CPU
		{4AC75403-1B89-4518-93F9-40D1ED1B4A67}.Release|Any CPU.Build.0 = Release|Any CPU
	EndGlobalSection
	GlobalSection(SolutionProperties) = preSolution
		HideSolutionNode = FALSE
	EndGlobalSection
	GlobalSection(ExtensibilityGlobals) = postSolution
		SolutionGuid = {B241BD0F-C777-4362-96CD-C5A523B37FBE}
	EndGlobalSection
EndGlobal
